
Microsoft Visual Studio Solution File, Format Version 12.00
# Visual Studio Version 17
VisualStudioVersion = 17.3.32901.215
MinimumVisualStudioVersion = 10.0.40219.1
Project("{FAE04EC0-301F-11D3-BF4B-00C04F79EFBC}") = "Semprg_Pisqorky", "Semprg_Pisqorky\Semprg_Pisqorky.csproj", "{CB001693-16AD-4745-B82C-2677533B9E26}"
EndProject
Global
	GlobalSection(SolutionConfigurationPlatforms) = preSolution
		Debug|Any CPU = Debug|Any CPU
		Release|Any CPU = Release|Any CPU
	EndGlobalSection
	GlobalSection(ProjectConfigurationPlatforms) = postSolution
		{CB001693-16AD-4745-B82C-2677533B9E26}.Debug|Any CPU.ActiveCfg = Debug|Any CPU
		{CB001693-16AD-4745-B82C-2677533B9E26}.Debug|Any CPU.Build.0 = Debug|Any CPU
		{CB001693-16AD-4745-B82C-2677533B9E26}.Release|Any CPU.ActiveCfg = Release|Any CPU
		{CB001693-16AD-4745-B82C-2677533B9E26}.Release|Any CPU.Build.0 = Release|Any CPU
	EndGlobalSection
	GlobalSection(SolutionProperties) = preSolution
		HideSolutionNode = FALSE
	EndGlobalSection
	GlobalSection(ExtensibilityGlobals) = postSolution
		SolutionGuid = {864A2760-23BA-4722-AC47-E2DB2F5B1A3E}
	EndGlobalSection
EndGlobal
